
Microsoft Visual Studio Solution File, Format Version 12.00
# Visual Studio Version 17
VisualStudioVersion = 17.10.34928.147
MinimumVisualStudioVersion = 10.0.40219.1
Project("{FAE04EC0-301F-11D3-BF4B-00C04F79EFBC}") = "EduHome", "EduHome\EduHome.csproj", "{49E4543C-2793-45FA-B18D-05BE06F321CD}"
EndProject
Global
	GlobalSection(SolutionConfigurationPlatforms) = preSolution
		Debug|Any CPU = Debug|Any CPU
		Release|Any CPU = Release|Any CPU
	EndGlobalSection
	GlobalSection(ProjectConfigurationPlatforms) = postSolution
		{49E4543C-2793-45FA-B18D-05BE06F321CD}.Debug|Any CPU.ActiveCfg = Debug|Any CPU
		{49E4543C-2793-45FA-B18D-05BE06F321CD}.Debug|Any CPU.Build.0 = Debug|Any CPU
		{49E4543C-2793-45FA-B18D-05BE06F321CD}.Release|Any CPU.ActiveCfg = Release|Any CPU
		{49E4543C-2793-45FA-B18D-05BE06F321CD}.Release|Any CPU.Build.0 = Release|Any CPU
	EndGlobalSection
	GlobalSection(SolutionProperties) = preSolution
		HideSolutionNode = FALSE
	EndGlobalSection
	GlobalSection(ExtensibilityGlobals) = postSolution
		SolutionGuid = {6E880AD3-3482-4ABF-A48B-3562D5B54D3B}
	EndGlobalSection
EndGlobal
